lockfileVersion: '9.0'

settings:
  autoInstallPeers: true
  excludeLinksFromLockfile: false

importers:

  .:
    dependencies:
      hono:
        specifier: ^4.12.12
        version: 4.12.12
    devDependencies:
      '@types/bun':
        specifier: latest
        version: 1.3.11

packages:

  '@types/bun@1.3.11':
    resolution: {integrity: sha512-5vPne5QvtpjGpsGYXiFyycfpDF2ECyPcTSsFBMa0fraoxiQyMJ3SmuQIGhzPg2WJuWxVBoxWJ2kClYTcw/4fAg==}

  '@types/node@25.5.2':
    resolution: {integrity: sha512-tO4ZIRKNC+MDWV4qKVZe3Ql/woTnmHDr5JD8UI5hn2pwBrHEwOEMZK7WlNb5RKB6EoJ02gwmQS9OrjuFnZYdpg==}

  bun-types@1.3.11:
    resolution: {integrity: sha512-1KGPpoxQWl9f6wcZh57LvrPIInQMn2TQ7jsgxqpRzg+l0QPOFvJVH7HmvHo/AiPgwXy+/Thf6Ov3EdVn1vOabg==}

  hono@4.12.12:
    resolution: {integrity: sha512-p1JfQMKaceuCbpJKAPKVqyqviZdS0eUxH9v82oWo1kb9xjQ5wA6iP3FNVAPDFlz5/p7d45lO+BpSk1tuSZMF4Q==}
    engines: {node: '>=16.9.0'}

  undici-types@7.18.2:
    resolution: {integrity: sha512-AsuCzffGHJybSaRrmr5eHr81mwJU3kjw6M+uprWvCXiNeN9SOGwQ3Jn8jb8m3Z6izVgknn1R0FTCEAP2QrLY/w==}

snapshots:

  '@types/bun@1.3.11':
    dependencies:
      bun-types: 1.3.11

  '@types/node@25.5.2':
    dependencies:
      undici-types: 7.18.2

  bun-types@1.3.11:
    dependencies:
      '@types/node': 25.5.2

  hono@4.12.12: {}

  undici-types@7.18.2: {}
